
Microsoft Visual Studio Solution File, Format Version 12.00
# Visual Studio Version 16
VisualStudioVersion = 16.0.31829.152
MinimumVisualStudioVersion = 10.0.40219.1
Project("{9A19103F-16F7-4668-BE54-9A1E7A4F7556}") = "FABS_Client_WPF", "FABS_Client\FABS_Client_WPF.csproj", "{16CA9427-2FAB-4392-942F-1EB862BB96E7}"
EndProject
Global
	GlobalSection(SolutionConfigurationPlatforms) = preSolution
		Debug|Any CPU = Debug|Any CPU
		Release|Any CPU = Release|Any CPU
	EndGlobalSection
	GlobalSection(ProjectConfigurationPlatforms) = postSolution
		{16CA9427-2FAB-4392-942F-1EB862BB96E7}.Debug|Any CPU.ActiveCfg = Debug|Any CPU
		{16CA9427-2FAB-4392-942F-1EB862BB96E7}.Debug|Any CPU.Build.0 = Debug|Any CPU
		{16CA9427-2FAB-4392-942F-1EB862BB96E7}.Release|Any CPU.ActiveCfg = Release|Any CPU
		{16CA9427-2FAB-4392-942F-1EB862BB96E7}.Release|Any CPU.Build.0 = Release|Any CPU
	EndGlobalSection
	GlobalSection(SolutionProperties) = preSolution
		HideSolutionNode = FALSE
	EndGlobalSection
	GlobalSection(ExtensibilityGlobals) = postSolution
		SolutionGuid = {8C19FBE0-35AA-4283-812E-3712C52E5645}
	EndGlobalSection
EndGlobal
