
Microsoft Visual Studio Solution File, Format Version 12.00
# Visual Studio Version 16
VisualStudioVersion = 16.0.31624.102
MinimumVisualStudioVersion = 10.0.40219.1
Project("{FAE04EC0-301F-11D3-BF4B-00C04F79EFBC}") = "FABS_MVC", "FABS_MVC\FABS_MVC.csproj", "{32E0A7FD-6966-4CBA-B8EA-7312DCC58ABE}"
EndProject
Global
	GlobalSection(SolutionConfigurationPlatforms) = preSolution
		Debug|Any CPU = Debug|Any CPU
		Release|Any CPU = Release|Any CPU
	EndGlobalSection
	GlobalSection(ProjectConfigurationPlatforms) = postSolution
		{32E0A7FD-6966-4CBA-B8EA-7312DCC58ABE}.Debug|Any CPU.ActiveCfg = Debug|Any CPU
		{32E0A7FD-6966-4CBA-B8EA-7312DCC58ABE}.Debug|Any CPU.Build.0 = Debug|Any CPU
		{32E0A7FD-6966-4CBA-B8EA-7312DCC58ABE}.Release|Any CPU.ActiveCfg = Release|Any CPU
		{32E0A7FD-6966-4CBA-B8EA-7312DCC58ABE}.Release|Any CPU.Build.0 = Release|Any CPU
	EndGlobalSection
	GlobalSection(SolutionProperties) = preSolution
		HideSolutionNode = FALSE
	EndGlobalSection
	GlobalSection(ExtensibilityGlobals) = postSolution
		SolutionGuid = {DD416416-ADF8-4A9F-A7F0-9FE387B80482}
	EndGlobalSection
EndGlobal
